// !$*UTF8*$!
{
	archiveVersion = 1;
	classes = {
	};
	objectVersion = 50;
	objects = {

/* Begin PBXBuildFile section */
		7F074DC7211842DD008FD723 /* AppDelegate.swift in Sources */ = {isa = PBXBuildFile; fileRef = 7F074DC6211842DD008FD723 /* AppDelegate.swift */; };
		7F074DC9211842DD008FD723 /* ViewController.swift in Sources */ = {isa = PBXBuildFile; fileRef = 7F074DC8211842DD008FD723 /* ViewController.swift */; };
		7F074DCC211842DD008FD723 /* Main.storyboard in Resources */ = {isa = PBXBuildFile; fileRef = 7F074DCA211842DD008FD723 /* Main.storyboard */; };
		7F074DCE211842DF008FD723 /* Assets.xcassets in Resources */ = {isa = PBXBuildFile; fileRef = 7F074DCD211842DF008FD723 /* Assets.xcassets */; };
		7F074DD1211842DF008FD723 /* LaunchScreen.storyboard in Resources */ = {isa = PBXBuildFile; fileRef = 7F074DCF211842DF008FD723 /* LaunchScreen.storyboard */; };
		7F074DDC211842DF008FD723 /* NGWordTextViewTests.swift in Sources */ = {isa = PBXBuildFile; fileRef = 7F074DDB211842DF008FD723 /* NGWordTextViewTests.swift */; };
		7F074DE7211842E0008FD723 /* NGWordTextViewUITests.swift in Sources */ = {isa = PBXBuildFile; fileRef = 7F074DE6211842E0008FD723 /* NGWordTextViewUITests.swift */; };
		7F074DF521184303008FD723 /* NGWord.txt in Resources */ = {isa = PBXBuildFile; fileRef = 7F074DF421184303008FD723 /* NGWord.txt */; };
		7F074DF721184510008FD723 /* AppAcademiaTextField.swift in Sources */ = {isa = PBXBuildFile; fileRef = 7F074DF621184510008FD723 /* AppAcademiaTextField.swift */; };
/* End PBXBuildFile section */

/* Begin PBXContainerItemProxy section */
		7F074DD8211842DF008FD723 /* PBXContainerItemProxy */ = {
			isa = PBXContainerItemProxy;
			containerPortal = 7F074DBB211842DD008FD723 /* Project object */;
			proxyType = 1;
			remoteGlobalIDString = 7F074DC2211842DD008FD723;
			remoteInfo = NGWordTextView;
		};
		7F074DE3211842E0008FD723 /* PBXContainerItemProxy */ = {
			isa = PBXContainerItemProxy;
			containerPortal = 7F074DBB211842DD008FD723 /* Project object */;
			proxyType = 1;
			remoteGlobalIDString = 7F074DC2211842DD008FD723;
			remoteInfo = NGWordTextView;
		};
/* End PBXContainerItemProxy section */

/* Begin PBXFileReference section */
		7F074DC3211842DD008FD723 /* NGWordTextView.app */ = {isa = PBXFileReference; explicitFileType = wrapper.application; includeInIndex = 0; path = NGWordTextView.app; sourceTree = BUILT_PRODUCTS_DIR; };
		7F074DC6211842DD008FD723 /* AppDelegate.swift */ = {isa = PBXFileReference; lastKnownFileType = sourcecode.swift; path = AppDelegate.swift; sourceTree = "<group>"; };
		7F074DC8211842DD008FD723 /* ViewController.swift */ = {isa = PBXFileReference; lastKnownFileType = sourcecode.swift; path = ViewController.swift; sourceTree = "<group>"; };
		7F074DCB211842DD008FD723 /* Base */ = {isa = PBXFileReference; lastKnownFileType = file.storyboard; name = Base; path = Base.lproj/Main.storyboard; sourceTree = "<group>"; };
		7F074DCD211842DF008FD723 /* Assets.xcassets */ = {isa = PBXFileReference; lastKnownFileType = folder.assetcatalog; path = Assets.xcassets; sourceTree = "<group>"; };
		7F074DD0211842DF008FD723 /* Base */ = {isa = PBXFileReference; lastKnownFileType = file.storyboard; name = Base; path = Base.lproj/LaunchScreen.storyboard; sourceTree = "<group>"; };
		7F074DD2211842DF008FD723 /* Info.plist */ = {isa = PBXFileReference; lastKnownFileType = text.plist.xml; path = Info.plist; sourceTree = "<group>"; };
		7F074DD7211842DF008FD723 /* NGWordTextViewTests.xctest */ = {isa = PBXFileReference; explicitFileType = wrapper.cfbundle; includeInIndex = 0; path = NGWordTextViewTests.xctest; sourceTree = BUILT_PRODUCTS_DIR; };
		7F074DDB211842DF008FD723 /* NGWordTextViewTests.swift */ = {isa = PBXFileReference; lastKnownFileType = sourcecode.swift; path = NGWordTextViewTests.swift; sourceTree = "<group>"; };
		7F074DDD211842DF008FD723 /* Info.plist */ = {isa = PBXFileReference; lastKnownFileType = text.plist.xml; path = Info.plist; sourceTree = "<group>"; };
		7F074DE2211842E0008FD723 /* NGWordTextViewUITests.xctest */ = {isa = PBXFileReference; explicitFileType = wrapper.cfbundle; includeInIndex = 0; path = NGWordTextViewUITests.xctest; sourceTree = BUILT_PRODUCTS_DIR; };
		7F074DE6211842E0008FD723 /* NGWordTextViewUITests.swift */ = {isa = PBXFileReference; lastKnownFileType = sourcecode.swift; path = NGWordTextViewUITests.swift; sourceTree = "<group>"; };
		7F074DE8211842E0008FD723 /* Info.plist */ = {isa = PBXFileReference; lastKnownFileType = text.plist.xml; path = Info.plist; sourceTree = "<group>"; };
		7F074DF421184303008FD723 /* NGWord.txt */ = {isa = PBXFileReference; fileEncoding = 4; lastKnownFileType = text; path = NGWord.txt; sourceTree = "<group>"; };
		7F074DF621184510008FD723 /* AppAcademiaTextField.swift */ = {isa = PBXFileReference; lastKnownFileType = sourcecode.swift; path = AppAcademiaTextField.swift; sourceTree = "<group>"; };
/* End PBXFileReference section */

/* Begin PBXFrameworksBuildPhase section */
		7F074DC0211842DD008FD723 /* Frameworks */ = {
			isa = PBXFrameworksBuildPhase;
			buildActionMask = 2147483647;
			files = (
			);
			runOnlyForDeploymentPostprocessing = 0;
		};
		7F074DD4211842DF008FD723 /* Frameworks */ = {
			isa = PBXFrameworksBuildPhase;
			buildActionMask = 2147483647;
			files = (
			);
			runOnlyForDeploymentPostprocessing = 0;
		};
		7F074DDF211842E0008FD723 /* Frameworks */ = {
			isa = PBXFrameworksBuildPhase;
			buildActionMask = 2147483647;
			files = (
			);
			runOnlyForDeploymentPostprocessing = 0;
		};
/* End PBXFrameworksBuildPhase section */

/* Begin PBXGroup section */
		7F074DBA211842DD008FD723 = {
			isa = PBXGroup;
			children = (
				7F074DC5211842DD008FD723 /* NGWordTextView */,
				7F074DDA211842DF008FD723 /* NGWordTextViewTests */,
				7F074DE5211842E0008FD723 /* NGWordTextViewUITests */,
				7F074DC4211842DD008FD723 /* Products */,
			);
			sourceTree = "<group>";
		};
		7F074DC4211842DD008FD723 /* Products */ = {
			isa = PBXGroup;
			children = (
				7F074DC3211842DD008FD723 /* NGWordTextView.app */,
				7F074DD7211842DF008FD723 /* NGWordTextViewTests.xctest */,
				7F074DE2211842E0008FD723 /* NGWordTextViewUITests.xctest */,
			);
			name = Products;
			sourceTree = "<group>";
		};
		7F074DC5211842DD008FD723 /* NGWordTextView */ = {
			isa = PBXGroup;
			children = (
				7F074DF421184303008FD723 /* NGWord.txt */,
				7F074DC6211842DD008FD723 /* AppDelegate.swift */,
				7F074DC8211842DD008FD723 /* ViewController.swift */,
				7F074DCA211842DD008FD723 /* Main.storyboard */,
				7F074DCD211842DF008FD723 /* Assets.xcassets */,
				7F074DCF211842DF008FD723 /* LaunchScreen.storyboard */,
				7F074DD2211842DF008FD723 /* Info.plist */,
				7F074DF621184510008FD723 /* AppAcademiaTextField.swift */,
			);
			path = NGWordTextView;
			sourceTree = "<group>";
		};
		7F074DDA211842DF008FD723 /* NGWordTextViewTests */ = {
			isa = PBXGroup;
			children = (
				7F074DDB211842DF008FD723 /* NGWordTextViewTests.swift */,
				7F074DDD211842DF008FD723 /* Info.plist */,
			);
			path = NGWordTextViewTests;
			sourceTree = "<group>";
		};
		7F074DE5211842E0008FD723 /* NGWordTextViewUITests */ = {
			isa = PBXGroup;
			children = (
				7F074DE6211842E0008FD723 /* NGWordTextViewUITests.swift */,
				7F074DE8211842E0008FD723 /* Info.plist */,
			);
			path = NGWordTextViewUITests;
			sourceTree = "<group>";
		};
/* End PBXGroup section */

/* Begin PBXNativeTarget section */
		7F074DC2211842DD008FD723 /* NGWordTextView */ = {
			isa = PBXNativeTarget;
			buildConfigurationList = 7F074DEB211842E0008FD723 /* Build configuration list for PBXNativeTarget "NGWordTextView" */;
			buildPhases = (
				7F074DBF211842DD008FD723 /* Sources */,
				7F074DC0211842DD008FD723 /* Frameworks */,
				7F074DC1211842DD008FD723 /* Resources */,
			);
			buildRules = (
			);
			dependencies = (
			);
			name = NGWordTextView;
			productName = NGWordTextView;
			productReference = 7F074DC3211842DD008FD723 /* NGWordTextView.app */;
			productType = "com.apple.product-type.application";
		};
		7F074DD6211842DF008FD723 /* NGWordTextViewTests */ = {
			isa = PBXNativeTarget;
			buildConfigurationList = 7F074DEE211842E0008FD723 /* Build configuration list for PBXNativeTarget "NGWordTextViewTests" */;
			buildPhases = (
				7F074DD3211842DF008FD723 /* Sources */,
				7F074DD4211842DF008FD723 /* Frameworks */,
				7F074DD5211842DF008FD723 /* Resources */,
			);
			buildRules = (
			);
			dependencies = (
				7F074DD9211842DF008FD723 /* PBXTargetDependency */,
			);
			name = NGWordTextViewTests;
			productName = NGWordTextViewTests;
			productReference = 7F074DD7211842DF008FD723 /* NGWordTextViewTests.xctest */;
			productType = "com.apple.product-type.bundle.unit-test";
		};
		7F074DE1211842E0008FD723 /* NGWordTextViewUITests */ = {
			isa = PBXNativeTarget;
			buildConfigurationList = 7F074DF1211842E0008FD723 /* Build configuration list for PBXNativeTarget "NGWordTextViewUITests" */;
			buildPhases = (
				7F074DDE211842E0008FD723 /* Sources */,
				7F074DDF211842E0008FD723 /* Frameworks */,
				7F074DE0211842E0008FD723 /* Resources */,
			);
			buildRules = (
			);
			dependencies = (
				7F074DE4211842E0008FD723 /* PBXTargetDependency */,
			);
			name = NGWordTextViewUITests;
			productName = NGWordTextViewUITests;
			productReference = 7F074DE2211842E0008FD723 /* NGWordTextViewUITests.xctest */;
			productType = "com.apple.product-type.bundle.ui-testing";
		};
/* End PBXNativeTarget section */

/* Begin PBXProject section */
		7F074DBB211842DD008FD723 /* Project object */ = {
			isa = PBXProject;
			attributes = {
				LastSwiftUpdateCheck = 0940;
				LastUpgradeCheck = 0940;
				ORGANIZATIONNAME = "reo harada";
				TargetAttributes = {
					7F074DC2211842DD008FD723 = {
						CreatedOnToolsVersion = 9.4.1;
					};
					7F074DD6211842DF008FD723 = {
						CreatedOnToolsVersion = 9.4.1;
						TestTargetID = 7F074DC2211842DD008FD723;
					};
					7F074DE1211842E0008FD723 = {
						CreatedOnToolsVersion = 9.4.1;
						TestTargetID = 7F074DC2211842DD008FD723;
					};
				};
			};
			buildConfigurationList = 7F074DBE211842DD008FD723 /* Build configuration list for PBXProject "NGWordTextView" */;
			compatibilityVersion = "Xcode 9.3";
			developmentRegion = en;
			hasScannedForEncodings = 0;
			knownRegions = (
				en,
				Base,
			);
			mainGroup = 7F074DBA211842DD008FD723;
			productRefGroup = 7F074DC4211842DD008FD723 /* Products */;
			projectDirPath = "";
			projectRoot = "";
			targets = (
				7F074DC2211842DD008FD723 /* NGWordTextView */,
				7F074DD6211842DF008FD723 /* NGWordTextViewTests */,
				7F074DE1211842E0008FD723 /* NGWordTextViewUITests */,
			);
		};
/* End PBXProject section */

/* Begin PBXResourcesBuildPhase section */
		7F074DC1211842DD008FD723 /* Resources */ = {
			isa = PBXResourcesBuildPhase;
			buildActionMask = 2147483647;
			files = (
				7F074DD1211842DF008FD723 /* LaunchScreen.storyboard in Resources */,
				7F074DF521184303008FD723 /* NGWord.txt in Resources */,
				7F074DCE211842DF008FD723 /* Assets.xcassets in Resources */,
				7F074DCC211842DD008FD723 /* Main.storyboard in Resources */,
			);
			runOnlyForDeploymentPostprocessing = 0;
		};
		7F074DD5211842DF008FD723 /* Resources */ = {
			isa = PBXResourcesBuildPhase;
			buildActionMask = 2147483647;
			files = (
			);
			runOnlyForDeploymentPostprocessing = 0;
		};
		7F074DE0211842E0008FD723 /* Resources */ = {
			isa = PBXResourcesBuildPhase;
			buildActionMask = 2147483647;
			files = (
			);
			runOnlyForDeploymentPostprocessing = 0;
		};
/* End PBXResourcesBuildPhase section */

/* Begin PBXSourcesBuildPhase section */
		7F074DBF211842DD008FD723 /* Sources */ = {
			isa = PBXSourcesBuildPhase;
			buildActionMask = 2147483647;
			files = (
				7F074DC9211842DD008FD723 /* ViewController.swift in Sources */,
				7F074DC7211842DD008FD723 /* AppDelegate.swift in Sources */,
				7F074DF721184510008FD723 /* AppAcademiaTextField.swift in Sources */,
			);
			runOnlyForDeploymentPostprocessing = 0;
		};
		7F074DD3211842DF008FD723 /* Sources */ = {
			isa = PBXSourcesBuildPhase;
			buildActionMask = 2147483647;
			files = (
				7F074DDC211842DF008FD723 /* NGWordTextViewTests.swift in Sources */,
			);
			runOnlyForDeploymentPostprocessing = 0;
		};
		7F074DDE211842E0008FD723 /* Sources */ = {
			isa = PBXSourcesBuildPhase;
			buildActionMask = 2147483647;
			files = (
				7F074DE7211842E0008FD723 /* NGWordTextViewUITests.swift in Sources */,
			);
			runOnlyForDeploymentPostprocessing = 0;
		};
/* End PBXSourcesBuildPhase section */

/* Begin PBXTargetDependency section */
		7F074DD9211842DF008FD723 /* PBXTargetDependency */ = {
			isa = PBXTargetDependency;
			target = 7F074DC2211842DD008FD723 /* NGWordTextView */;
			targetProxy = 7F074DD8211842DF008FD723 /* PBXContainerItemProxy */;
		};
		7F074DE4211842E0008FD723 /* PBXTargetDependency */ = {
			isa = PBXTargetDependency;
			target = 7F074DC2211842DD008FD723 /* NGWordTextView */;
			targetProxy = 7F074DE3211842E0008FD723 /* PBXContainerItemProxy */;
		};
/* End PBXTargetDependency section */

/* Begin PBXVariantGroup section */
		7F074DCA211842DD008FD723 /* Main.storyboard */ = {
			isa = PBXVariantGroup;
			children = (
				7F074DCB211842DD008FD723 /* Base */,
			);
			name = Main.storyboard;
			sourceTree = "<group>";
		};
		7F074DCF211842DF008FD723 /* LaunchScreen.storyboard */ = {
			isa = PBXVariantGroup;
			children = (
				7F074DD0211842DF008FD723 /* Base */,
			);
			name = LaunchScreen.storyboard;
			sourceTree = "<group>";
		};
/* End PBXVariantGroup section */

/* Begin XCBuildConfiguration section */
		7F074DE9211842E0008FD723 /* Debug */ = {
			isa = XCBuildConfiguration;
			buildSettings = {
				ALWAYS_SEARCH_USER_PATHS = NO;
				CLANG_ANALYZER_NONNULL = YES;
				CLANG_ANALYZER_NUMBER_OBJECT_CONVERSION = YES_AGGRESSIVE;
				CLANG_CXX_LANGUAGE_STANDARD = "gnu++14";
				CLANG_CXX_LIBRARY = "libc++";
				CLANG_ENABLE_MODULES = YES;
				CLANG_ENABLE_OBJC_ARC = YES;
				CLANG_ENABLE_OBJC_WEAK = YES;
				CLANG_WARN_BLOCK_CAPTURE_AUTORELEASING = YES;
				CLANG_WARN_BOOL_CONVERSION = YES;
				CLANG_WARN_COMMA = YES;
				CLANG_WARN_CONSTANT_CONVERSION = YES;
				CLANG_WARN_DEPRECATED_OBJC_IMPLEMENTATIONS = YES;
				CLANG_WARN_DIRECT_OBJC_ISA_USAGE = YES_ERROR;
				CLANG_WARN_DOCUMENTATION_COMMENTS = YES;
				CLANG_WARN_EMPTY_BODY = YES;
				CLANG_WARN_ENUM_CONVERSION = YES;
				CLANG_WARN_INFINITE_RECURSION = YES;
				CLANG_WARN_INT_CONVERSION = YES;
				CLANG_WARN_NON_LITERAL_NULL_CONVERSION = YES;
				CLANG_WARN_OBJC_IMPLICIT_RETAIN_SELF = YES;
				CLANG_WARN_OBJC_LITERAL_CONVERSION = YES;
				CLANG_WARN_OBJC_ROOT_CLASS = YES_ERROR;
				CLANG_WARN_RANGE_LOOP_ANALYSIS = YES;
				CLANG_WARN_STRICT_PROTOTYPES = YES;
				CLANG_WARN_SUSPICIOUS_MOVE = YES;
				CLANG_WARN_UNGUARDED_AVAILABILITY = YES_AGGRESSIVE;
				CLANG_WARN_UNREACHABLE_CODE = YES;
				CLANG_WARN__DUPLICATE_METHOD_MATCH = YES;
				CODE_SIGN_IDENTITY = "iPhone Developer";
				COPY_PHASE_STRIP = NO;
				DEBUG_INFORMATION_FORMAT = dwarf;
				ENABLE_STRICT_OBJC_MSGSEND = YES;
				ENABLE_TESTABILITY = YES;
				GCC_C_LANGUAGE_STANDARD = gnu11;
				GCC_DYNAMIC_NO_PIC = NO;
				GCC_NO_COMMON_BLOCKS = YES;
				GCC_OPTIMIZATION_LEVEL = 0;
				GCC_PREPROCESSOR_DEFINITIONS = (
					"DEBUG=1",
					"$(inherited)",
				);
				GCC_WARN_64_TO_32_BIT_CONVERSION = YES;
				GCC_WARN_ABOUT_RETURN_TYPE = YES_ERROR;
				GCC_WARN_UNDECLARED_SELECTOR = YES;
				GCC_WARN_UNINITIALIZED_AUTOS = YES_AGGRESSIVE;
				GCC_WARN_UNUSED_FUNCTION = YES;
				GCC_WARN_UNUSED_VARIABLE = YES;
				IPHONEOS_DEPLOYMENT_TARGET = 11.4;
				MTL_ENABLE_DEBUG_INFO = YES;
				ONLY_ACTIVE_ARCH = YES;
				SDKROOT = iphoneos;
				SWIFT_ACTIVE_COMPILATION_CONDITIONS = DEBUG;
				SWIFT_OPTIMIZATION_LEVEL = "-Onone";
			};
			name = Debug;
		};
		7F074DEA211842E0008FD723 /* Release */ = {
			isa = XCBuildConfiguration;
			buildSettings = {
				ALWAYS_SEARCH_USER_PATHS = NO;
				CLANG_ANALYZER_NONNULL = YES;
				CLANG_ANALYZER_NUMBER_OBJECT_CONVERSION = YES_AGGRESSIVE;
				CLANG_CXX_LANGUAGE_STANDARD = "gnu++14";
				CLANG_CXX_LIBRARY = "libc++";
				CLANG_ENABLE_MODULES = YES;
				CLANG_ENABLE_OBJC_ARC = YES;
				CLANG_ENABLE_OBJC_WEAK = YES;
				CLANG_WARN_BLOCK_CAPTURE_AUTORELEASING = YES;
				CLANG_WARN_BOOL_CONVERSION = YES;
				CLANG_WARN_COMMA = YES;
				CLANG_WARN_CONSTANT_CONVERSION = YES;
				CLANG_WARN_DEPRECATED_OBJC_IMPLEMENTATIONS = YES;
				CLANG_WARN_DIRECT_OBJC_ISA_USAGE = YES_ERROR;
				CLANG_WARN_DOCUMENTATION_COMMENTS = YES;
				CLANG_WARN_EMPTY_BODY = YES;
				CLANG_WARN_ENUM_CONVERSION = YES;
				CLANG_WARN_INFINITE_RECURSION = YES;
				CLANG_WARN_INT_CONVERSION = YES;
				CLANG_WARN_NON_LITERAL_NULL_CONVERSION = YES;
				CLANG_WARN_OBJC_IMPLICIT_RETAIN_SELF = YES;
				CLANG_WARN_OBJC_LITERAL_CONVERSION = YES;
				CLANG_WARN_OBJC_ROOT_CLASS = YES_ERROR;
				CLANG_WARN_RANGE_LOOP_ANALYSIS = YES;
				CLANG_WARN_STRICT_PROTOTYPES = YES;
				CLANG_WARN_SUSPICIOUS_MOVE = YES;
				CLANG_WARN_UNGUARDED_AVAILABILITY = YES_AGGRESSIVE;
				CLANG_WARN_UNREACHABLE_CODE = YES;
				CLANG_WARN__DUPLICATE_METHOD_MATCH = YES;
				CODE_SIGN_IDENTITY = "iPhone Developer";
				COPY_PHASE_STRIP = NO;
				DEBUG_INFORMATION_FORMAT = "dwarf-with-dsym";
				ENABLE_NS_ASSERTIONS = NO;
				ENABLE_STRICT_OBJC_MSGSEND = YES;
				GCC_C_LANGUAGE_STANDARD = gnu11;
				GCC_NO_COMMON_BLOCKS = YES;
				GCC_WARN_64_TO_32_BIT_CONVERSION = YES;
				GCC_WARN_ABOUT_RETURN_TYPE = YES_ERROR;
				GCC_WARN_UNDECLARED_SELECTOR = YES;
				GCC_WARN_UNINITIALIZED_AUTOS = YES_AGGRESSIVE;
				GCC_WARN_UNUSED_FUNCTION = YES;
				GCC_WARN_UNUSED_VARIABLE = YES;
				IPHONEOS_DEPLOYMENT_TARGET = 11.4;
				MTL_ENABLE_DEBUG_INFO = NO;
				SDKROOT = iphoneos;
				SWIFT_COMPILATION_MODE = wholemodule;
				SWIFT_OPTIMIZATION_LEVEL = "-O";
				VALIDATE_PRODUCT = YES;
			};
			name = Release;
		};
		7F074DEC211842E0008FD723 /* Debug */ = {
			isa = XCBuildConfiguration;
			buildSettings = {
				ASSETCATALOG_COMPILER_APPICON_NAME = AppIcon;
				CODE_SIGN_STYLE = Automatic;
				INFOPLIST_FILE = NGWordTextView/Info.plist;
				LD_RUNPATH_SEARCH_PATHS = (
					"$(inherited)",
					"@executable_path/Frameworks",
				);
				PRODUCT_BUNDLE_IDENTIFIER = AppAcademia.NGWordTextView;
				PRODUCT_NAME = "$(TARGET_NAME)";
				SWIFT_VERSION = 4.0;
				TARGETED_DEVICE_FAMILY = "1,2";
			};
			name = Debug;
		};
		7F074DED211842E0008FD723 /* Release */ = {
			isa = XCBuildConfiguration;
			buildSettings = {
				ASSETCATALOG_COMPILER_APPICON_NAME = AppIcon;
				CODE_SIGN_STYLE = Automatic;
				INFOPLIST_FILE = NGWordTextView/Info.plist;
				LD_RUNPATH_SEARCH_PATHS = (
					"$(inherited)",
					"@executable_path/Frameworks",
				);
				PRODUCT_BUNDLE_IDENTIFIER = AppAcademia.NGWordTextView;
				PRODUCT_NAME = "$(TARGET_NAME)";
				SWIFT_VERSION = 4.0;
				TARGETED_DEVICE_FAMILY = "1,2";
			};
			name = Release;
		};
		7F074DEF211842E0008FD723 /* Debug */ = {
			isa = XCBuildConfiguration;
			buildSettings = {
				ALWAYS_EMBED_SWIFT_STANDARD_LIBRARIES = YES;
				BUNDLE_LOADER = "$(TEST_HOST)";
				CODE_SIGN_STYLE = Automatic;
				INFOPLIST_FILE = NGWordTextViewTests/Info.plist;
				LD_RUNPATH_SEARCH_PATHS = (
					"$(inherited)",
					"@executable_path/Frameworks",
					"@loader_path/Frameworks",
				);
				PRODUCT_BUNDLE_IDENTIFIER = AppAcademia.NGWordTextViewTests;
				PRODUCT_NAME = "$(TARGET_NAME)";
				SWIFT_VERSION = 4.0;
				TARGETED_DEVICE_FAMILY = "1,2";
				TEST_HOST = "$(BUILT_PRODUCTS_DIR)/NGWordTextView.app/NGWordTextView";
			};
			name = Debug;
		};
		7F074DF0211842E0008FD723 /* Release */ = {
			isa = XCBuildConfiguration;
			buildSettings = {
				ALWAYS_EMBED_SWIFT_STANDARD_LIBRARIES = YES;
				BUNDLE_LOADER = "$(TEST_HOST)";
				CODE_SIGN_STYLE = Automatic;
				INFOPLIST_FILE = NGWordTextViewTests/Info.plist;
				LD_RUNPATH_SEARCH_PATHS = (
					"$(inherited)",
					"@executable_path/Frameworks",
					"@loader_path/Frameworks",
				);
				PRODUCT_BUNDLE_IDENTIFIER = AppAcademia.NGWordTextViewTests;
				PRODUCT_NAME = "$(TARGET_NAME)";
				SWIFT_VERSION = 4.0;
				TARGETED_DEVICE_FAMILY = "1,2";
				TEST_HOST = "$(BUILT_PRODUCTS_DIR)/NGWordTextView.app/NGWordTextView";
			};
			name = Release;
		};
		7F074DF2211842E0008FD723 /* Debug */ = {
			isa = XCBuildConfiguration;
			buildSettings = {
				ALWAYS_EMBED_SWIFT_STANDARD_LIBRARIES = YES;
				CODE_SIGN_STYLE = Automatic;
				INFOPLIST_FILE = NGWordTextViewUITests/Info.plist;
				LD_RUNPATH_SEARCH_PATHS = (
					"$(inherited)",
					"@executable_path/Frameworks",
					"@loader_path/Frameworks",
				);
				PRODUCT_BUNDLE_IDENTIFIER = AppAcademia.NGWordTextViewUITests;
				PRODUCT_NAME = "$(TARGET_NAME)";
				SWIFT_VERSION = 4.0;
				TARGETED_DEVICE_FAMILY = "1,2";
				TEST_TARGET_NAME = NGWordTextView;
			};
			name = Debug;
		};
		7F074DF3211842E0008FD723 /* Release */ = {
			isa = XCBuildConfiguration;
			buildSettings = {
				ALWAYS_EMBED_SWIFT_STANDARD_LIBRARIES = YES;
				CODE_SIGN_STYLE = Automatic;
				INFOPLIST_FILE = NGWordTextViewUITests/Info.plist;
				LD_RUNPATH_SEARCH_PATHS = (
					"$(inherited)",
					"@executable_path/Frameworks",
					"@loader_path/Frameworks",
				);
				PRODUCT_BUNDLE_IDENTIFIER = AppAcademia.NGWordTextViewUITests;
				PRODUCT_NAME = "$(TARGET_NAME)";
				SWIFT_VERSION = 4.0;
				TARGETED_DEVICE_FAMILY = "1,2";
				TEST_TARGET_NAME = NGWordTextView;
			};
			name = Release;
		};
/* End XCBuildConfiguration section */

/* Begin XCConfigurationList section */
		7F074DBE211842DD008FD723 /* Build configuration list for PBXProject "NGWordTextView" */ = {
			isa = XCConfigurationList;
			buildConfigurations = (
				7F074DE9211842E0008FD723 /* Debug */,
				7F074DEA211842E0008FD723 /* Release */,
			);
			defaultConfigurationIsVisible = 0;
			defaultConfigurationName = Release;
		};
		7F074DEB211842E0008FD723 /* Build configuration list for PBXNativeTarget "NGWordTextView" */ = {
			isa = XCConfigurationList;
			buildConfigurations = (
				7F074DEC211842E0008FD723 /* Debug */,
				7F074DED211842E0008FD723 /* Release */,
			);
			defaultConfigurationIsVisible = 0;
			defaultConfigurationName = Release;
		};
		7F074DEE211842E0008FD723 /* Build configuration list for PBXNativeTarget "NGWordTextViewTests" */ = {
			isa = XCConfigurationList;
			buildConfigurations = (
				7F074DEF211842E0008FD723 /* Debug */,
				7F074DF0211842E0008FD723 /* Release */,
			);
			defaultConfigurationIsVisible = 0;
			defaultConfigurationName = Release;
		};
		7F074DF1211842E0008FD723 /* Build configuration list for PBXNativeTarget "NGWordTextViewUITests" */ = {
			isa = XCConfigurationList;
			buildConfigurations = (
				7F074DF2211842E0008FD723 /* Debug */,
				7F074DF3211842E0008FD723 /* Release */,
			);
			defaultConfigurationIsVisible = 0;
			defaultConfigurationName = Release;
		};
/* End XCConfigurationList section */
	};
	rootObject = 7F074DBB211842DD008FD723 /* Project object */;
}
